
Microsoft Visual Studio Solution File, Format Version 12.00
# Visual Studio Version 16
VisualStudioVersion = 16.0.31515.178
MinimumVisualStudioVersion = 10.0.40219.1
Project("{9A19103F-16F7-4668-BE54-9A1E7A4F7556}") = "console-programlama", "console-programlama\console-programlama.csproj", "{69679C26-5A85-437E-AF88-A0F151BE0A45}"
EndProject
Project("{9A19103F-16F7-4668-BE54-9A1E7A4F7556}") = "degiskenler", "degiskenler\degiskenler.csproj", "{36574C8B-3817-4435-B430-C3C5581340F8}"
EndProject
Project("{9A19103F-16F7-4668-BE54-9A1E7A4F7556}") = "operatorler", "operatorler\operatorler.csproj", "{2C163233-1863-4A3D-B45B-AEEBCE3D29F4}"
EndProject
Project("{9A19103F-16F7-4668-BE54-9A1E7A4F7556}") = "tip-donusumleri", "tip-donusumleri\tip-donusumleri.csproj", "{2E038523-0D93-4017-A2A2-712D3B154C4B}"
EndProject
Project("{9A19103F-16F7-4668-BE54-9A1E7A4F7556}") = "hata-yonetimi", "hata-yonetimi\hata-yonetimi.csproj", "{EC27F252-19EF-4F45-9D32-DEEE4F8AD233}"
EndProject
Project("{9A19103F-16F7-4668-BE54-9A1E7A4F7556}") = "if-else-if", "if-else-if\if-else-if.csproj", "{4C78E2EA-60F4-451B-A92F-1ECE64028009}"
EndProject
Project("{9A19103F-16F7-4668-BE54-9A1E7A4F7556}") = "switch-case", "switch-case\switch-case.csproj", "{16A9F584-E333-4ADC-8176-B9BB9F3B60E0}"
EndProject
Project("{9A19103F-16F7-4668-BE54-9A1E7A4F7556}") = "donguler", "Donguler\donguler.csproj", "{B1D5C61E-75DD-4578-92E6-E614BBC48E2F}"
EndProject
Project("{9A19103F-16F7-4668-BE54-9A1E7A4F7556}") = "donguler-while-foreach", "donguler-while-foreach\donguler-while-foreach.csproj", "{2CE16948-5FC7-4D4F-ADE1-25E664580648}"
EndProject
Project("{9A19103F-16F7-4668-BE54-9A1E7A4F7556}") = "diziler", "diziler\diziler.csproj", "{036DD8C5-F07C-4E16-9B26-0BDD6EDAB0AB}"
EndProject
Project("{9A19103F-16F7-4668-BE54-9A1E7A4F7556}") = "dizi-metodları", "dizi-metodları\dizi-metodları.csproj", "{A9560D29-7841-4160-BEF6-9BAF637F0BF2}"
EndProject
Project("{9A19103F-16F7-4668-BE54-9A1E7A4F7556}") = "metotlar", "metotlar\metotlar.csproj", "{52453D7A-85B3-4B89-BFB0-9179B94D57B3}"
EndProject
Project("{9A19103F-16F7-4668-BE54-9A1E7A4F7556}") = "metot-overloading", "metot-overloading\metot-overloading.csproj", "{C04AF674-6F75-4D35-9034-9E93645DCA37}"
EndProject
Project("{9A19103F-16F7-4668-BE54-9A1E7A4F7556}") = "recursive_extension_metotlar", "recursive_extension_metotlar\recursive_extension_metotlar.csproj", "{A95A4F7E-6B8D-4716-8C71-F5099064B636}"
EndProject
Project("{2150E333-8FDC-42A3-9474-1A3956D46DE8}") = "hw1", "hw1", "{39319996-9971-4651-AFC1-F8E5A3A03AB6}"
EndProject
Project("{9A19103F-16F7-4668-BE54-9A1E7A4F7556}") = "hw1.1", "hw1.1\hw1.1.csproj", "{9AB6BA72-19A5-4E2C-A195-41B30B6EF47E}"
EndProject
Project("{9A19103F-16F7-4668-BE54-9A1E7A4F7556}") = "hw1.2", "hw1.2\hw1.2.csproj", "{E7F53452-0D28-4C32-BB09-900674A1F6D2}"
EndProject
Project("{9A19103F-16F7-4668-BE54-9A1E7A4F7556}") = "hw1.3", "hw1.3\hw1.3.csproj", "{53FFCD38-5D33-449A-B8CA-FCD5AA75D05B}"
EndProject
Project("{9A19103F-16F7-4668-BE54-9A1E7A4F7556}") = "hw1.4", "hw1.4\hw1.4.csproj", "{BAA47F7B-2567-440D-8DE1-01F144067A73}"
EndProject
Project("{9A19103F-16F7-4668-BE54-9A1E7A4F7556}") = "string-metot", "string-metot\string-metot.csproj", "{69CBA03A-E058-4497-A95A-455366CD2B13}"
EndProject
Project("{9A19103F-16F7-4668-BE54-9A1E7A4F7556}") = "datetime-and-math", "datetime-and-math\datetime-and-math.csproj", "{5D3BCB39-2F47-40B9-8B5A-8052E422DFB3}"
EndProject
Project("{9A19103F-16F7-4668-BE54-9A1E7A4F7556}") = "generic_list", "generic_list\generic_list.csproj", "{0A4AF125-29BD-4E01-BFCA-9D942689B575}"
EndProject
Project("{9A19103F-16F7-4668-BE54-9A1E7A4F7556}") = "array-list", "array-list\array-list.csproj", "{5EA3B758-F1C7-46FF-B858-C7ED644DA629}"
EndProject
Project("{9A19103F-16F7-4668-BE54-9A1E7A4F7556}") = "dictionary", "dictionary\dictionary.csproj", "{54BE0FA6-2532-4D3B-BC93-D65D0CCAA9F9}"
EndProject
Project("{9A19103F-16F7-4668-BE54-9A1E7A4F7556}") = "collections-q1", "collections-q1\collections-q1.csproj", "{F7BA3B01-7B37-4F44-A3F8-9F806209A595}"
EndProject
Project("{9A19103F-16F7-4668-BE54-9A1E7A4F7556}") = "collections-q2", "collections-q2\collections-q2.csproj", "{E01BC67E-7057-4F7F-AA26-24BE122565B5}"
EndProject
Project("{9A19103F-16F7-4668-BE54-9A1E7A4F7556}") = "collections-q3", "collections-q3\collections-q3.csproj", "{84D89690-2814-4520-AA03-738CF34BCDD4}"
EndProject
Project("{FAE04EC0-301F-11D3-BF4B-00C04F79EFBC}") = "classes", "classes\classes.csproj", "{CC5AD698-A02F-420F-9EF1-D031273B2361}"
EndProject
Project("{FAE04EC0-301F-11D3-BF4B-00C04F79EFBC}") = "constructor", "constructor\constructor.csproj", "{D2FC9766-BB64-4553-96A5-1948EB7811F4}"
EndProject
Project("{FAE04EC0-301F-11D3-BF4B-00C04F79EFBC}") = "encapsulation", "encapsulation\encapsulation.csproj", "{BFEFC57C-2479-4D05-92F2-08B91428E8D3}"
EndProject
Global
	GlobalSection(SolutionConfigurationPlatforms) = preSolution
		Debug|Any CPU = Debug|Any CPU
		Release|Any CPU = Release|Any CPU
	EndGlobalSection
	GlobalSection(ProjectConfigurationPlatforms) = postSolution
		{69679C26-5A85-437E-AF88-A0F151BE0A45}.Debug|Any CPU.ActiveCfg = Debug|Any CPU
		{69679C26-5A85-437E-AF88-A0F151BE0A45}.Debug|Any CPU.Build.0 = Debug|Any CPU
		{69679C26-5A85-437E-AF88-A0F151BE0A45}.Release|Any CPU.ActiveCfg = Release|Any CPU
		{69679C26-5A85-437E-AF88-A0F151BE0A45}.Release|Any CPU.Build.0 = Release|Any CPU
		{36574C8B-3817-4435-B430-C3C5581340F8}.Debug|Any CPU.ActiveCfg = Debug|Any CPU
		{36574C8B-3817-4435-B430-C3C5581340F8}.Debug|Any CPU.Build.0 = Debug|Any CPU
		{36574C8B-3817-4435-B430-C3C5581340F8}.Release|Any CPU.ActiveCfg = Release|Any CPU
		{36574C8B-3817-4435-B430-C3C5581340F8}.Release|Any CPU.Build.0 = Release|Any CPU
		{2C163233-1863-4A3D-B45B-AEEBCE3D29F4}.Debug|Any CPU.ActiveCfg = Debug|Any CPU
		{2C163233-1863-4A3D-B45B-AEEBCE3D29F4}.Debug|Any CPU.Build.0 = Debug|Any CPU
		{2C163233-1863-4A3D-B45B-AEEBCE3D29F4}.Release|Any CPU.ActiveCfg = Release|Any CPU
		{2C163233-1863-4A3D-B45B-AEEBCE3D29F4}.Release|Any CPU.Build.0 = Release|Any CPU
		{2E038523-0D93-4017-A2A2-712D3B154C4B}.Debug|Any CPU.ActiveCfg = Debug|Any CPU
		{2E038523-0D93-4017-A2A2-712D3B154C4B}.Debug|Any CPU.Build.0 = Debug|Any CPU
		{2E038523-0D93-4017-A2A2-712D3B154C4B}.Release|Any CPU.ActiveCfg = Release|Any CPU
		{2E038523-0D93-4017-A2A2-712D3B154C4B}.Release|Any CPU.Build.0 = Release|Any CPU
		{EC27F252-19EF-4F45-9D32-DEEE4F8AD233}.Debug|Any CPU.ActiveCfg = Debug|Any CPU
		{EC27F252-19EF-4F45-9D32-DEEE4F8AD233}.Debug|Any CPU.Build.0 = Debug|Any CPU
		{EC27F252-19EF-4F45-9D32-DEEE4F8AD233}.Release|Any CPU.ActiveCfg = Release|Any CPU
		{EC27F252-19EF-4F45-9D32-DEEE4F8AD233}.Release|Any CPU.Build.0 = Release|Any CPU
		{4C78E2EA-60F4-451B-A92F-1ECE64028009}.Debug|Any CPU.ActiveCfg = Debug|Any CPU
		{4C78E2EA-60F4-451B-A92F-1ECE64028009}.Debug|Any CPU.Build.0 = Debug|Any CPU
		{4C78E2EA-60F4-451B-A92F-1ECE64028009}.Release|Any CPU.ActiveCfg = Release|Any CPU
		{4C78E2EA-60F4-451B-A92F-1ECE64028009}.Release|Any CPU.Build.0 = Release|Any CPU
		{16A9F584-E333-4ADC-8176-B9BB9F3B60E0}.Debug|Any CPU.ActiveCfg = Debug|Any CPU
		{16A9F584-E333-4ADC-8176-B9BB9F3B60E0}.Debug|Any CPU.Build.0 = Debug|Any CPU
		{16A9F584-E333-4ADC-8176-B9BB9F3B60E0}.Release|Any CPU.ActiveCfg = Release|Any CPU
		{16A9F584-E333-4ADC-8176-B9BB9F3B60E0}.Release|Any CPU.Build.0 = Release|Any CPU
		{B1D5C61E-75DD-4578-92E6-E614BBC48E2F}.Debug|Any CPU.ActiveCfg = Debug|Any CPU
		{B1D5C61E-75DD-4578-92E6-E614BBC48E2F}.Debug|Any CPU.Build.0 = Debug|Any CPU
		{B1D5C61E-75DD-4578-92E6-E614BBC48E2F}.Release|Any CPU.ActiveCfg = Release|Any CPU
		{B1D5C61E-75DD-4578-92E6-E614BBC48E2F}.Release|Any CPU.Build.0 = Release|Any CPU
		{2CE16948-5FC7-4D4F-ADE1-25E664580648}.Debug|Any CPU.ActiveCfg = Debug|Any CPU
		{2CE16948-5FC7-4D4F-ADE1-25E664580648}.Debug|Any CPU.Build.0 = Debug|Any CPU
		{2CE16948-5FC7-4D4F-ADE1-25E664580648}.Release|Any CPU.ActiveCfg = Release|Any CPU
		{2CE16948-5FC7-4D4F-ADE1-25E664580648}.Release|Any CPU.Build.0 = Release|Any CPU
		{036DD8C5-F07C-4E16-9B26-0BDD6EDAB0AB}.Debug|Any CPU.ActiveCfg = Debug|Any CPU
		{036DD8C5-F07C-4E16-9B26-0BDD6EDAB0AB}.Debug|Any CPU.Build.0 = Debug|Any CPU
		{036DD8C5-F07C-4E16-9B26-0BDD6EDAB0AB}.Release|Any CPU.ActiveCfg = Release|Any CPU
		{036DD8C5-F07C-4E16-9B26-0BDD6EDAB0AB}.Release|Any CPU.Build.0 = Release|Any CPU
		{A9560D29-7841-4160-BEF6-9BAF637F0BF2}.Debug|Any CPU.ActiveCfg = Debug|Any CPU
		{A9560D29-7841-4160-BEF6-9BAF637F0BF2}.Debug|Any CPU.Build.0 = Debug|Any CPU
		{A9560D29-7841-4160-BEF6-9BAF637F0BF2}.Release|Any CPU.ActiveCfg = Release|Any CPU
		{A9560D29-7841-4160-BEF6-9BAF637F0BF2}.Release|Any CPU.Build.0 = Release|Any CPU
		{52453D7A-85B3-4B89-BFB0-9179B94D57B3}.Debug|Any CPU.ActiveCfg = Debug|Any CPU
		{52453D7A-85B3-4B89-BFB0-9179B94D57B3}.Debug|Any CPU.Build.0 = Debug|Any CPU
		{52453D7A-85B3-4B89-BFB0-9179B94D57B3}.Release|Any CPU.ActiveCfg = Release|Any CPU
		{52453D7A-85B3-4B89-BFB0-9179B94D57B3}.Release|Any CPU.Build.0 = Release|Any CPU
		{C04AF674-6F75-4D35-9034-9E93645DCA37}.Debug|Any CPU.ActiveCfg = Debug|Any CPU
		{C04AF674-6F75-4D35-9034-9E93645DCA37}.Debug|Any CPU.Build.0 = Debug|Any CPU
		{C04AF674-6F75-4D35-9034-9E93645DCA37}.Release|Any CPU.ActiveCfg = Release|Any CPU
		{C04AF674-6F75-4D35-9034-9E93645DCA37}.Release|Any CPU.Build.0 = Release|Any CPU
		{A95A4F7E-6B8D-4716-8C71-F5099064B636}.Debug|Any CPU.ActiveCfg = Debug|Any CPU
		{A95A4F7E-6B8D-4716-8C71-F5099064B636}.Debug|Any CPU.Build.0 = Debug|Any CPU
		{A95A4F7E-6B8D-4716-8C71-F5099064B636}.Release|Any CPU.ActiveCfg = Release|Any CPU
		{A95A4F7E-6B8D-4716-8C71-F5099064B636}.Release|Any CPU.Build.0 = Release|Any CPU
		{9AB6BA72-19A5-4E2C-A195-41B30B6EF47E}.Debug|Any CPU.ActiveCfg = Debug|Any CPU
		{9AB6BA72-19A5-4E2C-A195-41B30B6EF47E}.Debug|Any CPU.Build.0 = Debug|Any CPU
		{9AB6BA72-19A5-4E2C-A195-41B30B6EF47E}.Release|Any CPU.ActiveCfg = Release|Any CPU
		{9AB6BA72-19A5-4E2C-A195-41B30B6EF47E}.Release|Any CPU.Build.0 = Release|Any CPU
		{E7F53452-0D28-4C32-BB09-900674A1F6D2}.Debug|Any CPU.ActiveCfg = Debug|Any CPU
		{E7F53452-0D28-4C32-BB09-900674A1F6D2}.Debug|Any CPU.Build.0 = Debug|Any CPU
		{E7F53452-0D28-4C32-BB09-900674A1F6D2}.Release|Any CPU.ActiveCfg = Release|Any CPU
		{E7F53452-0D28-4C32-BB09-900674A1F6D2}.Release|Any CPU.Build.0 = Release|Any CPU
		{53FFCD38-5D33-449A-B8CA-FCD5AA75D05B}.Debug|Any CPU.ActiveCfg = Debug|Any CPU
		{53FFCD38-5D33-449A-B8CA-FCD5AA75D05B}.Debug|Any CPU.Build.0 = Debug|Any CPU
		{53FFCD38-5D33-449A-B8CA-FCD5AA75D05B}.Release|Any CPU.ActiveCfg = Release|Any CPU
		{53FFCD38-5D33-449A-B8CA-FCD5AA75D05B}.Release|Any CPU.Build.0 = Release|Any CPU
		{BAA47F7B-2567-440D-8DE1-01F144067A73}.Debug|Any CPU.ActiveCfg = Debug|Any CPU
		{BAA47F7B-2567-440D-8DE1-01F144067A73}.Debug|Any CPU.Build.0 = Debug|Any CPU
		{BAA47F7B-2567-440D-8DE1-01F144067A73}.Release|Any CPU.ActiveCfg = Release|Any CPU
		{BAA47F7B-2567-440D-8DE1-01F144067A73}.Release|Any CPU.Build.0 = Release|Any CPU
		{69CBA03A-E058-4497-A95A-455366CD2B13}.Debug|Any CPU.ActiveCfg = Debug|Any CPU
		{69CBA03A-E058-4497-A95A-455366CD2B13}.Debug|Any CPU.Build.0 = Debug|Any CPU
		{69CBA03A-E058-4497-A95A-455366CD2B13}.Release|Any CPU.ActiveCfg = Release|Any CPU
		{69CBA03A-E058-4497-A95A-455366CD2B13}.Release|Any CPU.Build.0 = Release|Any CPU
		{5D3BCB39-2F47-40B9-8B5A-8052E422DFB3}.Debug|Any CPU.ActiveCfg = Debug|Any CPU
		{5D3BCB39-2F47-40B9-8B5A-8052E422DFB3}.Debug|Any CPU.Build.0 = Debug|Any CPU
		{5D3BCB39-2F47-40B9-8B5A-8052E422DFB3}.Release|Any CPU.ActiveCfg = Release|Any CPU
		{5D3BCB39-2F47-40B9-8B5A-8052E422DFB3}.Release|Any CPU.Build.0 = Release|Any CPU
		{0A4AF125-29BD-4E01-BFCA-9D942689B575}.Debug|Any CPU.ActiveCfg = Debug|Any CPU
		{0A4AF125-29BD-4E01-BFCA-9D942689B575}.Debug|Any CPU.Build.0 = Debug|Any CPU
		{0A4AF125-29BD-4E01-BFCA-9D942689B575}.Release|Any CPU.ActiveCfg = Release|Any CPU
		{0A4AF125-29BD-4E01-BFCA-9D942689B575}.Release|Any CPU.Build.0 = Release|Any CPU
		{5EA3B758-F1C7-46FF-B858-C7ED644DA629}.Debug|Any CPU.ActiveCfg = Debug|Any CPU
		{5EA3B758-F1C7-46FF-B858-C7ED644DA629}.Debug|Any CPU.Build.0 = Debug|Any CPU
		{5EA3B758-F1C7-46FF-B858-C7ED644DA629}.Release|Any CPU.ActiveCfg = Release|Any CPU
		{5EA3B758-F1C7-46FF-B858-C7ED644DA629}.Release|Any CPU.Build.0 = Release|Any CPU
		{54BE0FA6-2532-4D3B-BC93-D65D0CCAA9F9}.Debug|Any CPU.ActiveCfg = Debug|Any CPU
		{54BE0FA6-2532-4D3B-BC93-D65D0CCAA9F9}.Debug|Any CPU.Build.0 = Debug|Any CPU
		{54BE0FA6-2532-4D3B-BC93-D65D0CCAA9F9}.Release|Any CPU.ActiveCfg = Release|Any CPU
		{54BE0FA6-2532-4D3B-BC93-D65D0CCAA9F9}.Release|Any CPU.Build.0 = Release|Any CPU
		{F7BA3B01-7B37-4F44-A3F8-9F806209A595}.Debug|Any CPU.ActiveCfg = Debug|Any CPU
		{F7BA3B01-7B37-4F44-A3F8-9F806209A595}.Debug|Any CPU.Build.0 = Debug|Any CPU
		{F7BA3B01-7B37-4F44-A3F8-9F806209A595}.Release|Any CPU.ActiveCfg = Release|Any CPU
		{F7BA3B01-7B37-4F44-A3F8-9F806209A595}.Release|Any CPU.Build.0 = Release|Any CPU
		{E01BC67E-7057-4F7F-AA26-24BE122565B5}.Debug|Any CPU.ActiveCfg = Debug|Any CPU
		{E01BC67E-7057-4F7F-AA26-24BE122565B5}.Debug|Any CPU.Build.0 = Debug|Any CPU
		{E01BC67E-7057-4F7F-AA26-24BE122565B5}.Release|Any CPU.ActiveCfg = Release|Any CPU
		{E01BC67E-7057-4F7F-AA26-24BE122565B5}.Release|Any CPU.Build.0 = Release|Any CPU
		{84D89690-2814-4520-AA03-738CF34BCDD4}.Debug|Any CPU.ActiveCfg = Debug|Any CPU
		{84D89690-2814-4520-AA03-738CF34BCDD4}.Debug|Any CPU.Build.0 = Debug|Any CPU
		{84D89690-2814-4520-AA03-738CF34BCDD4}.Release|Any CPU.ActiveCfg = Release|Any CPU
		{84D89690-2814-4520-AA03-738CF34BCDD4}.Release|Any CPU.Build.0 = Release|Any CPU
		{CC5AD698-A02F-420F-9EF1-D031273B2361}.Debug|Any CPU.ActiveCfg = Debug|Any CPU
		{CC5AD698-A02F-420F-9EF1-D031273B2361}.Debug|Any CPU.Build.0 = Debug|Any CPU
		{CC5AD698-A02F-420F-9EF1-D031273B2361}.Release|Any CPU.ActiveCfg = Release|Any CPU
		{CC5AD698-A02F-420F-9EF1-D031273B2361}.Release|Any CPU.Build.0 = Release|Any CPU
		{D2FC9766-BB64-4553-96A5-1948EB7811F4}.Debug|Any CPU.ActiveCfg = Debug|Any CPU
		{D2FC9766-BB64-4553-96A5-1948EB7811F4}.Debug|Any CPU.Build.0 = Debug|Any CPU
		{D2FC9766-BB64-4553-96A5-1948EB7811F4}.Release|Any CPU.ActiveCfg = Release|Any CPU
		{D2FC9766-BB64-4553-96A5-1948EB7811F4}.Release|Any CPU.Build.0 = Release|Any CPU
		{BFEFC57C-2479-4D05-92F2-08B91428E8D3}.Debug|Any CPU.ActiveCfg = Debug|Any CPU
		{BFEFC57C-2479-4D05-92F2-08B91428E8D3}.Debug|Any CPU.Build.0 = Debug|Any CPU
		{BFEFC57C-2479-4D05-92F2-08B91428E8D3}.Release|Any CPU.ActiveCfg = Release|Any CPU
		{BFEFC57C-2479-4D05-92F2-08B91428E8D3}.Release|Any CPU.Build.0 = Release|Any CPU
	EndGlobalSection
	GlobalSection(SolutionProperties) = preSolution
		HideSolutionNode = FALSE
	EndGlobalSection
	GlobalSection(NestedProjects) = preSolution
		{9AB6BA72-19A5-4E2C-A195-41B30B6EF47E} = {39319996-9971-4651-AFC1-F8E5A3A03AB6}
		{E7F53452-0D28-4C32-BB09-900674A1F6D2} = {39319996-9971-4651-AFC1-F8E5A3A03AB6}
		{53FFCD38-5D33-449A-B8CA-FCD5AA75D05B} = {39319996-9971-4651-AFC1-F8E5A3A03AB6}
		{BAA47F7B-2567-440D-8DE1-01F144067A73} = {39319996-9971-4651-AFC1-F8E5A3A03AB6}
	EndGlobalSection
	GlobalSection(ExtensibilityGlobals) = postSolution
		SolutionGuid = {227A353B-169D-4054-9BCB-24DA22C96D52}
	EndGlobalSection
EndGlobal
